
Microsoft Visual Studio Solution File, Format Version 12.00
# Visual Studio Version 17
VisualStudioVersion = 17.10.35122.118
MinimumVisualStudioVersion = 10.0.40219.1
Project("{9A19103F-16F7-4668-BE54-9A1E7A4F7556}") = "test", "test\test.csproj", "{E7AD102C-6C48-4119-8E76-AFDF76A1B048}"
	ProjectSection(ProjectDependencies) = postProject
		{A770560F-79BC-4B43-9997-24C8E706FCCE} = {A770560F-79BC-4B43-9997-24C8E706FCCE}
	EndProjectSection
EndProject
Project("{9A19103F-16F7-4668-BE54-9A1E7A4F7556}") = "tunelint", "src\tunelint.csproj", "{A770560F-79BC-4B43-9997-24C8E706FCCE}"
EndProject
Global
	GlobalSection(SolutionConfigurationPlatforms) = preSolution
		Debug|Any CPU = Debug|Any CPU
		Release|Any CPU = Release|Any CPU
	EndGlobalSection
	GlobalSection(ProjectConfigurationPlatforms) = postSolution
		{E7AD102C-6C48-4119-8E76-AFDF76A1B048}.Debug|Any CPU.ActiveCfg = Debug|Any CPU
		{E7AD102C-6C48-4119-8E76-AFDF76A1B048}.Debug|Any CPU.Build.0 = Debug|Any CPU
		{E7AD102C-6C48-4119-8E76-AFDF76A1B048}.Release|Any CPU.ActiveCfg = Release|Any CPU
		{E7AD102C-6C48-4119-8E76-AFDF76A1B048}.Release|Any CPU.Build.0 = Release|Any CPU
		{A770560F-79BC-4B43-9997-24C8E706FCCE}.Debug|Any CPU.ActiveCfg = Debug|Any CPU
		{A770560F-79BC-4B43-9997-24C8E706FCCE}.Debug|Any CPU.Build.0 = Debug|Any CPU
		{A770560F-79BC-4B43-9997-24C8E706FCCE}.Release|Any CPU.ActiveCfg = Release|Any CPU
		{A770560F-79BC-4B43-9997-24C8E706FCCE}.Release|Any CPU.Build.0 = Release|Any CPU
	EndGlobalSection
	GlobalSection(SolutionProperties) = preSolution
		HideSolutionNode = FALSE
	EndGlobalSection
	GlobalSection(ExtensibilityGlobals) = postSolution
		SolutionGuid = {982984AF-C86B-431E-BA84-63F6EB58269E}
	EndGlobalSection
EndGlobal
